version = 1
requires-python = ">=3.11"

[[package]]
name = "deltalake"
version = "0.14.0"
source = { registry = "https://pypi.org/simple" }
dependencies = [
    { name = "pyarrow" },
]
sdist = { url = "https://files.pythonhosted.org/packages/51/24/e472bc0fb74027a6fe292e8b93d9d4a3d143e456b01046b313cb9837665e/deltalake-0.14.0.tar.gz", hash = "sha256:6aaeac1423c16fa574515f7a0c76b85c4d5fd8e409b0ffcd2c4763f96a6cdb44", size = 4629710 }
wheels = [
    { url = "https://files.pythonhosted.org/packages/73/ac/1d895f4d8583ae0920c4c3f406d82f51889271fd25a21810c824c4291bd9/deltalake-0.14.0-cp38-abi3-macosx_10_12_x86_64.whl", hash = "sha256:48ce48c246e5f3dfe078b8d77a81f76e9b5da61c0e317756c27388e8e42b539e", size = 19902165 },
    { url = "https://files.pythonhosted.org/packages/ad/d4/67f8e2cd0b637e86549c2e2acfa4a9e4d913ba12865919ff1af733ae64ff/deltalake-0.14.0-cp38-abi3-macosx_10_7_x86_64.whl", hash = "sha256:6123362ea7210d50c32fea79b3ad06a1240cac3df34c6a95a28ed073152588d4", size = 20438455 },
    { url = "https://files.pythonhosted.org/packages/33/72/3ebd2d16bb9c4f6fdf18fed14141b21fafc283f441473380aea5be650fd3/deltalake-0.14.0-cp38-abi3-macosx_11_0_arm64.whl", hash = "sha256:fbb379dd4ad6e9a14de64ac4d91ef7ca4f7d1039323c9ac13f08716699ef73e1", size = 18618869 },
    { url = "https://files.pythonhosted.org/packages/88/cd/2fa8c23849f352d03edae17d9feabaf129b7a84731ed9c0848fe41770244/deltalake-0.14.0-cp38-abi3-manylinux_2_17_aarch64.manylinux2014_aarch64.whl", hash = "sha256:9645ab49127d04e74db64201ab1903fc098d38e69bb97f150b67cf545fb249fe", size = 21022275 },
    { url = "https://files.pythonhosted.org/packages/1b/cc/9c65afbb1111ed220e6dacd0fb175fbefe4bbe1012ce4f1b7266d6fdc46a/deltalake-0.14.0-cp38-abi3-manylinux_2_17_x86_64.manylinux2014_x86_64.whl", hash = "sha256:19c8b72f41ca6b32794b937830858e581fb1d8ba1c796843df6ec7ca6d27b8d2", size = 22726911 },
    { url = "https://files.pythonhosted.org/packages/1f/55/65ea9aa54840505ce8b34d8b2fe3c605e7fb13412ca76028b527307c6f69/deltalake-0.14.0-cp38-abi3-win_amd64.whl", hash = "sha256:a70017f8ddd3bb1dce005dfbae0d71cbddf7db9261d1daed0e48bb85b2a1101d", size = 21032812 },
]

[[package]]
name = "deltamcp"
version = "0.1.0"
source = { virtual = "." }
dependencies = [
    { name = "deltalake" },
    { name = "polars" },
]

[package.metadata]
requires-dist = [
    { name = "deltalake", specifier = "==0.14" },
    { name = "polars", specifier = "==1.0.0" },
]

[[package]]
name = "polars"
version = "1.0.0"
source = { registry = "https://pypi.org/simple" }
sdist = { url = "https://files.pythonhosted.org/packages/a4/35/b7f06f5cbb2ba80d4e8d1f775a9b6a4820fe40c6b4c9fe4bfe05ef85e279/polars-1.0.0.tar.gz", hash = "sha256:144a63d6d61dc5d675304673c4261ceccf4cfc75277431389d4afe9a5be0f70b", size = 3773054 }
wheels = [
    { url = "https://files.pythonhosted.org/packages/ac/31/9a1304d66feeee226e9a71f134a19071517e2b1b56f1690466543f23109f/polars-1.0.0-cp38-abi3-macosx_10_12_x86_64.whl", hash = "sha256:cf454ee75a2346cd7f44fb536cc69af7a26d8a243ea58bda50f6c810742c76ad", size = 29690411 },
    { url = "https://files.pythonhosted.org/packages/c7/cf/92a12cda3c7b3952a210e04b89bce933633061dcaba933489deee5227b6b/polars-1.0.0-cp38-abi3-macosx_11_0_arm64.whl", hash = "sha256:8191d8b5cf68d5ebaf9efb497120ff6d7e607a57a116bcce43618d50a536fe1c", size = 26357273 },
    { url = "https://files.pythonhosted.org/packages/75/a2/d0b30ea916f1008de668c16f037c7585b82798e649b7cceaa7f8fd140efa/polars-1.0.0-cp38-abi3-manylinux_2_17_x86_64.manylinux2014_x86_64.whl", hash = "sha256:f5b58575fd7ddc12bc53adfde933da3b40c2841fdc5396fecbd85e80dfc9332e", size = 31039656 },
    { url = "https://files.pythonhosted.org/packages/a1/9a/451c3769b37bb92b755bf1cddc7615b655204fb827f91c7c22c743d25054/polars-1.0.0-cp38-abi3-manylinux_2_24_aarch64.whl", hash = "sha256:44475877179f261f4ce1a6cfa0fc955392798b9987c17fc2b1a4b294602ace8a", size = 28739724 },
    { url = "https://files.pythonhosted.org/packages/76/79/1e0746c0d6866f7594f64e94004266db02c33962b99e80fbfef0ae3c1d15/polars-1.0.0-cp38-abi3-win_amd64.whl", hash = "sha256:bd483045c0629afced9e9ebc83b58550640022db5924d553a068a57621260a22", size = 30914346 },
]

[[package]]
name = "pyarrow"
version = "21.0.0"
source = { registry = "https://pypi.org/simple" }
sdist = { url = "https://files.pythonhosted.org/packages/ef/c2/ea068b8f00905c06329a3dfcd40d0fcc2b7d0f2e355bdb25b65e0a0e4cd4/pyarrow-21.0.0.tar.gz", hash = "sha256:5051f2dccf0e283ff56335760cbc8622cf52264d67e359d5569541ac11b6d5bc", size = 1133487 }
wheels = [
    { url = "https://files.pythonhosted.org/packages/94/dc/80564a3071a57c20b7c32575e4a0120e8a330ef487c319b122942d665960/pyarrow-21.0.0-cp311-cp311-macosx_12_0_arm64.whl", hash = "sha256:c077f48aab61738c237802836fc3844f85409a46015635198761b0d6a688f87b", size = 31243234 },
    { url = "https://files.pythonhosted.org/packages/ea/cc/3b51cb2db26fe535d14f74cab4c79b191ed9a8cd4cbba45e2379b5ca2746/pyarrow-21.0.0-cp311-cp311-macosx_12_0_x86_64.whl", hash = "sha256:689f448066781856237eca8d1975b98cace19b8dd2ab6145bf49475478bcaa10", size = 32714370 },
    { url = "https://files.pythonhosted.org/packages/24/11/a4431f36d5ad7d83b87146f515c063e4d07ef0b7240876ddb885e6b44f2e/pyarrow-21.0.0-cp311-cp311-manylinux_2_28_aarch64.whl", hash = "sha256:479ee41399fcddc46159a551705b89c05f11e8b8cb8e968f7fec64f62d91985e", size = 41135424 },
    { url = "https://files.pythonhosted.org/packages/74/dc/035d54638fc5d2971cbf1e987ccd45f1091c83bcf747281cf6cc25e72c88/pyarrow-21.0.0-cp311-cp311-manylinux_2_28_x86_64.whl", hash = "sha256:40ebfcb54a4f11bcde86bc586cbd0272bac0d516cfa539c799c2453768477569", size = 42823810 },
    { url = "https://files.pythonhosted.org/packages/2e/3b/89fced102448a9e3e0d4dded1f37fa3ce4700f02cdb8665457fcc8015f5b/pyarrow-21.0.0-cp311-cp311-musllinux_1_2_aarch64.whl", hash = "sha256:8d58d8497814274d3d20214fbb24abcad2f7e351474357d552a8d53bce70c70e", size = 43391538 },
    { url = "https://files.pythonhosted.org/packages/fb/bb/ea7f1bd08978d39debd3b23611c293f64a642557e8141c80635d501e6d53/pyarrow-21.0.0-cp311-cp311-musllinux_1_2_x86_64.whl", hash = "sha256:585e7224f21124dd57836b1530ac8f2df2afc43c861d7bf3d58a4870c42ae36c", size = 45120056 },
    { url = "https://files.pythonhosted.org/packages/6e/0b/77ea0600009842b30ceebc3337639a7380cd946061b620ac1a2f3cb541e2/pyarrow-21.0.0-cp311-cp311-win_amd64.whl", hash = "sha256:555ca6935b2cbca2c0e932bedd853e9bc523098c39636de9ad4693b5b1df86d6", size = 26220568 },
    { url = "https://files.pythonhosted.org/packages/ca/d4/d4f817b21aacc30195cf6a46ba041dd1be827efa4a623cc8bf39a1c2a0c0/pyarrow-21.0.0-cp312-cp312-macosx_12_0_arm64.whl", hash = "sha256:3a302f0e0963db37e0a24a70c56cf91a4faa0bca51c23812279ca2e23481fccd", size = 31160305 },
    { url = "https://files.pythonhosted.org/packages/a2/9c/dcd38ce6e4b4d9a19e1d36914cb8e2b1da4e6003dd075474c4cfcdfe0601/pyarrow-21.0.0-cp312-cp312-macosx_12_0_x86_64.whl", hash = "sha256:b6b27cf01e243871390474a211a7922bfbe3bda21e39bc9160daf0da3fe48876", size = 32684264 },
    { url = "https://files.pythonhosted.org/packages/4f/74/2a2d9f8d7a59b639523454bec12dba35ae3d0a07d8ab529dc0809f74b23c/pyarrow-21.0.0-cp312-cp312-manylinux_2_28_aarch64.whl", hash = "sha256:e72a8ec6b868e258a2cd2672d91f2860ad532d590ce94cdf7d5e7ec674ccf03d", size = 41108099 },
    { url = "https://files.pythonhosted.org/packages/ad/90/2660332eeb31303c13b653ea566a9918484b6e4d6b9d2d46879a33ab0622/pyarrow-21.0.0-cp312-cp312-manylinux_2_28_x86_64.whl", hash = "sha256:b7ae0bbdc8c6674259b25bef5d2a1d6af5d39d7200c819cf99e07f7dfef1c51e", size = 42829529 },
    { url = "https://files.pythonhosted.org/packages/33/27/1a93a25c92717f6aa0fca06eb4700860577d016cd3ae51aad0e0488ac899/pyarrow-21.0.0-cp312-cp312-musllinux_1_2_aarch64.whl", hash = "sha256:58c30a1729f82d201627c173d91bd431db88ea74dcaa3885855bc6203e433b82", size = 43367883 },
    { url = "https://files.pythonhosted.org/packages/05/d9/4d09d919f35d599bc05c6950095e358c3e15148ead26292dfca1fb659b0c/pyarrow-21.0.0-cp312-cp312-musllinux_1_2_x86_64.whl", hash = "sha256:072116f65604b822a7f22945a7a6e581cfa28e3454fdcc6939d4ff6090126623", size = 45133802 },
    { url = "https://files.pythonhosted.org/packages/71/30/f3795b6e192c3ab881325ffe172e526499eb3780e306a15103a2764916a2/pyarrow-21.0.0-cp312-cp312-win_amd64.whl", hash = "sha256:cf56ec8b0a5c8c9d7021d6fd754e688104f9ebebf1bf4449613c9531f5346a18", size = 26203175 },
    { url = "https://files.pythonhosted.org/packages/16/ca/c7eaa8e62db8fb37ce942b1ea0c6d7abfe3786ca193957afa25e71b81b66/pyarrow-21.0.0-cp313-cp313-macosx_12_0_arm64.whl", hash = "sha256:e99310a4ebd4479bcd1964dff9e14af33746300cb014aa4a3781738ac63baf4a", size = 31154306 },
    { url = "https://files.pythonhosted.org/packages/ce/e8/e87d9e3b2489302b3a1aea709aaca4b781c5252fcb812a17ab6275a9a484/pyarrow-21.0.0-cp313-cp313-macosx_12_0_x86_64.whl", hash = "sha256:d2fe8e7f3ce329a71b7ddd7498b3cfac0eeb200c2789bd840234f0dc271a8efe", size = 32680622 },
    { url = "https://files.pythonhosted.org/packages/84/52/79095d73a742aa0aba370c7942b1b655f598069489ab387fe47261a849e1/pyarrow-21.0.0-cp313-cp313-manylinux_2_28_aarch64.whl", hash = "sha256:f522e5709379d72fb3da7785aa489ff0bb87448a9dc5a75f45763a795a089ebd", size = 41104094 },
    { url = "https://files.pythonhosted.org/packages/89/4b/7782438b551dbb0468892a276b8c789b8bbdb25ea5c5eb27faadd753e037/pyarrow-21.0.0-cp313-cp313-manylinux_2_28_x86_64.whl", hash = "sha256:69cbbdf0631396e9925e048cfa5bce4e8c3d3b41562bbd70c685a8eb53a91e61", size = 42825576 },
    { url = "https://files.pythonhosted.org/packages/b3/62/0f29de6e0a1e33518dec92c65be0351d32d7ca351e51ec5f4f837a9aab91/pyarrow-21.0.0-cp313-cp313-musllinux_1_2_aarch64.whl", hash = "sha256:731c7022587006b755d0bdb27626a1a3bb004bb56b11fb30d98b6c1b4718579d", size = 43368342 },
    { url = "https://files.pythonhosted.org/packages/90/c7/0fa1f3f29cf75f339768cc698c8ad4ddd2481c1742e9741459911c9ac477/pyarrow-21.0.0-cp313-cp313-musllinux_1_2_x86_64.whl", hash = "sha256:dc56bc708f2d8ac71bd1dcb927e458c93cec10b98eb4120206a4091db7b67b99", size = 45131218 },
    { url = "https://files.pythonhosted.org/packages/01/63/581f2076465e67b23bc5a37d4a2abff8362d389d29d8105832e82c9c811c/pyarrow-21.0.0-cp313-cp313-win_amd64.whl", hash = "sha256:186aa00bca62139f75b7de8420f745f2af12941595bbbfa7ed3870ff63e25636", size = 26087551 },
    { url = "https://files.pythonhosted.org/packages/c9/ab/357d0d9648bb8241ee7348e564f2479d206ebe6e1c47ac5027c2e31ecd39/pyarrow-21.0.0-cp313-cp313t-macosx_12_0_arm64.whl", hash = "sha256:a7a102574faa3f421141a64c10216e078df467ab9576684d5cd696952546e2da", size = 31290064 },
    { url = "https://files.pythonhosted.org/packages/3f/8a/5685d62a990e4cac2043fc76b4661bf38d06efed55cf45a334b455bd2759/pyarrow-21.0.0-cp313-cp313t-macosx_12_0_x86_64.whl", hash = "sha256:1e005378c4a2c6db3ada3ad4c217b381f6c886f0a80d6a316fe586b90f77efd7", size = 32727837 },
    { url = "https://files.pythonhosted.org/packages/fc/de/c0828ee09525c2bafefd3e736a248ebe764d07d0fd762d4f0929dbc516c9/pyarrow-21.0.0-cp313-cp313t-manylinux_2_28_aarch64.whl", hash = "sha256:65f8e85f79031449ec8706b74504a316805217b35b6099155dd7e227eef0d4b6", size = 41014158 },
    { url = "https://files.pythonhosted.org/packages/6e/26/a2865c420c50b7a3748320b614f3484bfcde8347b2639b2b903b21ce6a72/pyarrow-21.0.0-cp313-cp313t-manylinux_2_28_x86_64.whl", hash = "sha256:3a81486adc665c7eb1a2bde0224cfca6ceaba344a82a971ef059678417880eb8", size = 42667885 },
    { url = "https://files.pythonhosted.org/packages/0a/f9/4ee798dc902533159250fb4321267730bc0a107d8c6889e07c3add4fe3a5/pyarrow-21.0.0-cp313-cp313t-musllinux_1_2_aarch64.whl", hash = "sha256:fc0d2f88b81dcf3ccf9a6ae17f89183762c8a94a5bdcfa09e05cfe413acf0503", size = 43276625 },
    { url = "https://files.pythonhosted.org/packages/5a/da/e02544d6997037a4b0d22d8e5f66bc9315c3671371a8b18c79ade1cefe14/pyarrow-21.0.0-cp313-cp313t-musllinux_1_2_x86_64.whl", hash = "sha256:6299449adf89df38537837487a4f8d3bd91ec94354fdd2a7d30bc11c48ef6e79", size = 44951890 },
    { url = "https://files.pythonhosted.org/packages/e5/4e/519c1bc1876625fe6b71e9a28287c43ec2f20f73c658b9ae1d485c0c206e/pyarrow-21.0.0-cp313-cp313t-win_amd64.whl", hash = "sha256:222c39e2c70113543982c6b34f3077962b44fca38c0bd9e68bb6781534425c10", size = 26371006 },
]
